
Microsoft Visual Studio Solution File, Format Version 12.00
# Visual Studio Version 17
VisualStudioVersion = 17.14.36518.9
MinimumVisualStudioVersion = 10.0.40219.1
Project("{2150E333-8FDC-42A3-9474-1A3956D46DE8}") = "Task0", "Task0", "{02EA681E-C7D8-13C7-8484-4AC65E1B71E8}"
EndProject
Project("{FAE04EC0-301F-11D3-BF4B-00C04F79EFBC}") = "Tyuiu.DanilovAS.Sprint5.Task0.V6", "Tyuiu.DanilovAS.Sprint5.Task0.V6\Tyuiu.DanilovAS.Sprint5.Task0.V6.csproj", "{31C0C0F1-E782-425C-B432-B0ED09503609}"
EndProject
Project("{FAE04EC0-301F-11D3-BF4B-00C04F79EFBC}") = "Tyuiu.DanilovAS.Sprint5.Task0.V6.Lib", "Tyuiu.DanilovAS.Sprint5.Task0.V6.Lib\Tyuiu.DanilovAS.Sprint5.Task0.V6.Lib.csproj", "{97C674A3-776A-4291-9618-FA91E3EFE348}"
EndProject
Project("{FAE04EC0-301F-11D3-BF4B-00C04F79EFBC}") = "Tyuiu.DanilovAS.Sprint5.Task0.V6.Test", "Tyuiu.DanilovAS.Sprint5.Task0.V6.Test\Tyuiu.DanilovAS.Sprint5.Task0.V6.Test.csproj", "{7472AD30-FA11-42E3-8E56-42DA30150779}"
EndProject
Project("{2150E333-8FDC-42A3-9474-1A3956D46DE8}") = "Task1", "Task1", "{4EA72DF7-0A68-4D7A-A3D8-9ED87ADDE908}"
EndProject
Project("{FAE04EC0-301F-11D3-BF4B-00C04F79EFBC}") = "Tyuiu.DanilovAS.Sprint5.Task1.V23", "Tyuiu.DanilovAS.Sprint5.Task1.V23\Tyuiu.DanilovAS.Sprint5.Task1.V23.csproj", "{519051A7-09D4-455D-9F34-1D70F09B689D}"
EndProject
Project("{FAE04EC0-301F-11D3-BF4B-00C04F79EFBC}") = "Tyuiu.DanilovAS.Sprint5.Task1.V23.Lib", "Tyuiu.DanilovAS.Sprint5.Task1.V23.Lib\Tyuiu.DanilovAS.Sprint5.Task1.V23.Lib.csproj", "{C13C04F0-152D-4D9A-AC64-D36FFD2A3443}"
EndProject
Project("{FAE04EC0-301F-11D3-BF4B-00C04F79EFBC}") = "Tyuiu.DanilovAS.Sprint5.Task1.V23.Test", "Tyuiu.DanilovAS.Sprint5.Task1.V23.Test\Tyuiu.DanilovAS.Sprint5.Task1.V23.Test.csproj", "{F785B094-DE2F-49AD-8DFB-31505C396D06}"
EndProject
Project("{2150E333-8FDC-42A3-9474-1A3956D46DE8}") = "Task2", "Task2", "{FBEA9AD6-967E-4BDB-B7FB-E3CF2C2AC951}"
EndProject
Project("{FAE04EC0-301F-11D3-BF4B-00C04F79EFBC}") = "Tyuiu.DanilovAS.Sprint5.Task2.V11", "Tyuiu.DanilovAS.Sprint5.Task2.V11\Tyuiu.DanilovAS.Sprint5.Task2.V11.csproj", "{98A61A47-B141-405E-8CD1-9D260577E4BB}"
EndProject
Project("{FAE04EC0-301F-11D3-BF4B-00C04F79EFBC}") = "Tyuiu.DanilovAS.Sprint5.Task2.V11.Lib", "Tyuiu.DanilovAS.Sprint5.Task2.V11.Lib\Tyuiu.DanilovAS.Sprint5.Task2.V11.Lib.csproj", "{F55F4213-4423-40A0-90A7-BC9E9F990A89}"
EndProject
Project("{FAE04EC0-301F-11D3-BF4B-00C04F79EFBC}") = "Tyuiu.DanilovAS.Sprint5.Task2.V11.Test", "Tyuiu.DanilovAS.Sprint5.Task2.V11.Test\Tyuiu.DanilovAS.Sprint5.Task2.V11.Test.csproj", "{84C99F6D-E68E-4F3A-93E9-0781B6C82318}"
EndProject
Project("{2150E333-8FDC-42A3-9474-1A3956D46DE8}") = "Task3", "Task3", "{18EDD8AE-D310-4E2F-872D-6357D2031FD1}"
EndProject
Project("{FAE04EC0-301F-11D3-BF4B-00C04F79EFBC}") = "Tyuiu.DanilovAS.Sprint5.Task3.V8", "Tyuiu.DanilovAS.Sprint5.Task3.V8\Tyuiu.DanilovAS.Sprint5.Task3.V8.csproj", "{993143AD-2427-4B0F-B768-4E1DBBB401BA}"
EndProject
Project("{FAE04EC0-301F-11D3-BF4B-00C04F79EFBC}") = "Tyuiu.DanilovAS.Sprint5.Task3.V8.Lib", "Tyuiu.DanilovAS.Sprint5.Task3.V8.Lib\Tyuiu.DanilovAS.Sprint5.Task3.V8.Lib.csproj", "{DC7556B8-2837-43B7-8F54-62597B4DE4E0}"
EndProject
Project("{FAE04EC0-301F-11D3-BF4B-00C04F79EFBC}") = "Tyuiu.DanilovAS.Sprint5.Task3.V8.Test", "Tyuiu.DanilovAS.Sprint5.Task3.V8.Test\Tyuiu.DanilovAS.Sprint5.Task3.V8.Test.csproj", "{734A9567-E69B-4AEB-A09D-7A0EF85C691F}"
EndProject
Global
	GlobalSection(SolutionConfigurationPlatforms) = preSolution
		Debug|Any CPU = Debug|Any CPU
		Release|Any CPU = Release|Any CPU
	EndGlobalSection
	GlobalSection(ProjectConfigurationPlatforms) = postSolution
		{31C0C0F1-E782-425C-B432-B0ED09503609}.Debug|Any CPU.ActiveCfg = Debug|Any CPU
		{31C0C0F1-E782-425C-B432-B0ED09503609}.Debug|Any CPU.Build.0 = Debug|Any CPU
		{31C0C0F1-E782-425C-B432-B0ED09503609}.Release|Any CPU.ActiveCfg = Release|Any CPU
		{31C0C0F1-E782-425C-B432-B0ED09503609}.Release|Any CPU.Build.0 = Release|Any CPU
		{97C674A3-776A-4291-9618-FA91E3EFE348}.Debug|Any CPU.ActiveCfg = Debug|Any CPU
		{97C674A3-776A-4291-9618-FA91E3EFE348}.Debug|Any CPU.Build.0 = Debug|Any CPU
		{97C674A3-776A-4291-9618-FA91E3EFE348}.Release|Any CPU.ActiveCfg = Release|Any CPU
		{97C674A3-776A-4291-9618-FA91E3EFE348}.Release|Any CPU.Build.0 = Release|Any CPU
		{7472AD30-FA11-42E3-8E56-42DA30150779}.Debug|Any CPU.ActiveCfg = Debug|Any CPU
		{7472AD30-FA11-42E3-8E56-42DA30150779}.Debug|Any CPU.Build.0 = Debug|Any CPU
		{7472AD30-FA11-42E3-8E56-42DA30150779}.Release|Any CPU.ActiveCfg = Release|Any CPU
		{7472AD30-FA11-42E3-8E56-42DA30150779}.Release|Any CPU.Build.0 = Release|Any CPU
		{519051A7-09D4-455D-9F34-1D70F09B689D}.Debug|Any CPU.ActiveCfg = Debug|Any CPU
		{519051A7-09D4-455D-9F34-1D70F09B689D}.Debug|Any CPU.Build.0 = Debug|Any CPU
		{519051A7-09D4-455D-9F34-1D70F09B689D}.Release|Any CPU.ActiveCfg = Release|Any CPU
		{519051A7-09D4-455D-9F34-1D70F09B689D}.Release|Any CPU.Build.0 = Release|Any CPU
		{C13C04F0-152D-4D9A-AC64-D36FFD2A3443}.Debug|Any CPU.ActiveCfg = Debug|Any CPU
		{C13C04F0-152D-4D9A-AC64-D36FFD2A3443}.Debug|Any CPU.Build.0 = Debug|Any CPU
		{C13C04F0-152D-4D9A-AC64-D36FFD2A3443}.Release|Any CPU.ActiveCfg = Release|Any CPU
		{C13C04F0-152D-4D9A-AC64-D36FFD2A3443}.Release|Any CPU.Build.0 = Release|Any CPU
		{F785B094-DE2F-49AD-8DFB-31505C396D06}.Debug|Any CPU.ActiveCfg = Debug|Any CPU
		{F785B094-DE2F-49AD-8DFB-31505C396D06}.Debug|Any CPU.Build.0 = Debug|Any CPU
		{F785B094-DE2F-49AD-8DFB-31505C396D06}.Release|Any CPU.ActiveCfg = Release|Any CPU
		{F785B094-DE2F-49AD-8DFB-31505C396D06}.Release|Any CPU.Build.0 = Release|Any CPU
		{98A61A47-B141-405E-8CD1-9D260577E4BB}.Debug|Any CPU.ActiveCfg = Debug|Any CPU
		{98A61A47-B141-405E-8CD1-9D260577E4BB}.Debug|Any CPU.Build.0 = Debug|Any CPU
		{98A61A47-B141-405E-8CD1-9D260577E4BB}.Release|Any CPU.ActiveCfg = Release|Any CPU
		{98A61A47-B141-405E-8CD1-9D260577E4BB}.Release|Any CPU.Build.0 = Release|Any CPU
		{F55F4213-4423-40A0-90A7-BC9E9F990A89}.Debug|Any CPU.ActiveCfg = Debug|Any CPU
		{F55F4213-4423-40A0-90A7-BC9E9F990A89}.Debug|Any CPU.Build.0 = Debug|Any CPU
		{F55F4213-4423-40A0-90A7-BC9E9F990A89}.Release|Any CPU.ActiveCfg = Release|Any CPU
		{F55F4213-4423-40A0-90A7-BC9E9F990A89}.Release|Any CPU.Build.0 = Release|Any CPU
		{84C99F6D-E68E-4F3A-93E9-0781B6C82318}.Debug|Any CPU.ActiveCfg = Debug|Any CPU
		{84C99F6D-E68E-4F3A-93E9-0781B6C82318}.Debug|Any CPU.Build.0 = Debug|Any CPU
		{84C99F6D-E68E-4F3A-93E9-0781B6C82318}.Release|Any CPU.ActiveCfg = Release|Any CPU
		{84C99F6D-E68E-4F3A-93E9-0781B6C82318}.Release|Any CPU.Build.0 = Release|Any CPU
		{993143AD-2427-4B0F-B768-4E1DBBB401BA}.Debug|Any CPU.ActiveCfg = Debug|Any CPU
		{993143AD-2427-4B0F-B768-4E1DBBB401BA}.Debug|Any CPU.Build.0 = Debug|Any CPU
		{993143AD-2427-4B0F-B768-4E1DBBB401BA}.Release|Any CPU.ActiveCfg = Release|Any CPU
		{993143AD-2427-4B0F-B768-4E1DBBB401BA}.Release|Any CPU.Build.0 = Release|Any CPU
		{DC7556B8-2837-43B7-8F54-62597B4DE4E0}.Debug|Any CPU.ActiveCfg = Debug|Any CPU
		{DC7556B8-2837-43B7-8F54-62597B4DE4E0}.Debug|Any CPU.Build.0 = Debug|Any CPU
		{DC7556B8-2837-43B7-8F54-62597B4DE4E0}.Release|Any CPU.ActiveCfg = Release|Any CPU
		{DC7556B8-2837-43B7-8F54-62597B4DE4E0}.Release|Any CPU.Build.0 = Release|Any CPU
		{734A9567-E69B-4AEB-A09D-7A0EF85C691F}.Debug|Any CPU.ActiveCfg = Debug|Any CPU
		{734A9567-E69B-4AEB-A09D-7A0EF85C691F}.Debug|Any CPU.Build.0 = Debug|Any CPU
		{734A9567-E69B-4AEB-A09D-7A0EF85C691F}.Release|Any CPU.ActiveCfg = Release|Any CPU
		{734A9567-E69B-4AEB-A09D-7A0EF85C691F}.Release|Any CPU.Build.0 = Release|Any CPU
	EndGlobalSection
	GlobalSection(SolutionProperties) = preSolution
		HideSolutionNode = FALSE
	EndGlobalSection
	GlobalSection(NestedProjects) = preSolution
		{31C0C0F1-E782-425C-B432-B0ED09503609} = {02EA681E-C7D8-13C7-8484-4AC65E1B71E8}
		{97C674A3-776A-4291-9618-FA91E3EFE348} = {02EA681E-C7D8-13C7-8484-4AC65E1B71E8}
		{7472AD30-FA11-42E3-8E56-42DA30150779} = {02EA681E-C7D8-13C7-8484-4AC65E1B71E8}
		{519051A7-09D4-455D-9F34-1D70F09B689D} = {4EA72DF7-0A68-4D7A-A3D8-9ED87ADDE908}
		{C13C04F0-152D-4D9A-AC64-D36FFD2A3443} = {4EA72DF7-0A68-4D7A-A3D8-9ED87ADDE908}
		{F785B094-DE2F-49AD-8DFB-31505C396D06} = {4EA72DF7-0A68-4D7A-A3D8-9ED87ADDE908}
		{98A61A47-B141-405E-8CD1-9D260577E4BB} = {FBEA9AD6-967E-4BDB-B7FB-E3CF2C2AC951}
		{F55F4213-4423-40A0-90A7-BC9E9F990A89} = {FBEA9AD6-967E-4BDB-B7FB-E3CF2C2AC951}
		{84C99F6D-E68E-4F3A-93E9-0781B6C82318} = {FBEA9AD6-967E-4BDB-B7FB-E3CF2C2AC951}
		{993143AD-2427-4B0F-B768-4E1DBBB401BA} = {18EDD8AE-D310-4E2F-872D-6357D2031FD1}
		{DC7556B8-2837-43B7-8F54-62597B4DE4E0} = {18EDD8AE-D310-4E2F-872D-6357D2031FD1}
		{734A9567-E69B-4AEB-A09D-7A0EF85C691F} = {18EDD8AE-D310-4E2F-872D-6357D2031FD1}
	EndGlobalSection
	GlobalSection(ExtensibilityGlobals) = postSolution
		SolutionGuid = {0EBC4C21-ABDD-4104-B5B6-3EB1A9DF054B}
	EndGlobalSection
EndGlobal
