
Microsoft Visual Studio Solution File, Format Version 12.00
# Visual Studio Version 17
VisualStudioVersion = 17.14.36518.9 d17.14
MinimumVisualStudioVersion = 10.0.40219.1
Project("{2150E333-8FDC-42A3-9474-1A3956D46DE8}") = "Task0", "Task0", "{02EA681E-C7D8-13C7-8484-4AC65E1B71E8}"
EndProject
Project("{FAE04EC0-301F-11D3-BF4B-00C04F79EFBC}") = "Tyuiu.DanilovAS.Sprint5.Task0.V6", "Tyuiu.DanilovAS.Sprint5.Task0.V6\Tyuiu.DanilovAS.Sprint5.Task0.V6.csproj", "{31C0C0F1-E782-425C-B432-B0ED09503609}"
EndProject
Project("{FAE04EC0-301F-11D3-BF4B-00C04F79EFBC}") = "Tyuiu.DanilovAS.Sprint5.Task0.V6.Lib", "Tyuiu.DanilovAS.Sprint5.Task0.V6.Lib\Tyuiu.DanilovAS.Sprint5.Task0.V6.Lib.csproj", "{97C674A3-776A-4291-9618-FA91E3EFE348}"
EndProject
Project("{FAE04EC0-301F-11D3-BF4B-00C04F79EFBC}") = "Tyuiu.DanilovAS.Sprint5.Task0.V6.Test", "Tyuiu.DanilovAS.Sprint5.Task0.V6.Test\Tyuiu.DanilovAS.Sprint5.Task0.V6.Test.csproj", "{7472AD30-FA11-42E3-8E56-42DA30150779}"
EndProject
Project("{2150E333-8FDC-42A3-9474-1A3956D46DE8}") = "Task1", "Task1", "{4EA72DF7-0A68-4D7A-A3D8-9ED87ADDE908}"
EndProject
Project("{FAE04EC0-301F-11D3-BF4B-00C04F79EFBC}") = "Tyuiu.DanilovAS.Sprint5.Task1.V23", "Tyuiu.DanilovAS.Sprint5.Task1.V23\Tyuiu.DanilovAS.Sprint5.Task1.V23.csproj", "{519051A7-09D4-455D-9F34-1D70F09B689D}"
EndProject
Project("{FAE04EC0-301F-11D3-BF4B-00C04F79EFBC}") = "Tyuiu.DanilovAS.Sprint5.Task1.V23.Lib", "Tyuiu.DanilovAS.Sprint5.Task1.V23.Lib\Tyuiu.DanilovAS.Sprint5.Task1.V23.Lib.csproj", "{C13C04F0-152D-4D9A-AC64-D36FFD2A3443}"
EndProject
Project("{FAE04EC0-301F-11D3-BF4B-00C04F79EFBC}") = "Tyuiu.DanilovAS.Sprint5.Task1.V23.Test", "Tyuiu.DanilovAS.Sprint5.Task1.V23.Test\Tyuiu.DanilovAS.Sprint5.Task1.V23.Test.csproj", "{F785B094-DE2F-49AD-8DFB-31505C396D06}"
EndProject
Global
	GlobalSection(SolutionConfigurationPlatforms) = preSolution
		Debug|Any CPU = Debug|Any CPU
		Release|Any CPU = Release|Any CPU
	EndGlobalSection
	GlobalSection(ProjectConfigurationPlatforms) = postSolution
		{31C0C0F1-E782-425C-B432-B0ED09503609}.Debug|Any CPU.ActiveCfg = Debug|Any CPU
		{31C0C0F1-E782-425C-B432-B0ED09503609}.Debug|Any CPU.Build.0 = Debug|Any CPU
		{31C0C0F1-E782-425C-B432-B0ED09503609}.Release|Any CPU.ActiveCfg = Release|Any CPU
		{31C0C0F1-E782-425C-B432-B0ED09503609}.Release|Any CPU.Build.0 = Release|Any CPU
		{97C674A3-776A-4291-9618-FA91E3EFE348}.Debug|Any CPU.ActiveCfg = Debug|Any CPU
		{97C674A3-776A-4291-9618-FA91E3EFE348}.Debug|Any CPU.Build.0 = Debug|Any CPU
		{97C674A3-776A-4291-9618-FA91E3EFE348}.Release|Any CPU.ActiveCfg = Release|Any CPU
		{97C674A3-776A-4291-9618-FA91E3EFE348}.Release|Any CPU.Build.0 = Release|Any CPU
		{7472AD30-FA11-42E3-8E56-42DA30150779}.Debug|Any CPU.ActiveCfg = Debug|Any CPU
		{7472AD30-FA11-42E3-8E56-42DA30150779}.Debug|Any CPU.Build.0 = Debug|Any CPU
		{7472AD30-FA11-42E3-8E56-42DA30150779}.Release|Any CPU.ActiveCfg = Release|Any CPU
		{7472AD30-FA11-42E3-8E56-42DA30150779}.Release|Any CPU.Build.0 = Release|Any CPU
		{519051A7-09D4-455D-9F34-1D70F09B689D}.Debug|Any CPU.ActiveCfg = Debug|Any CPU
		{519051A7-09D4-455D-9F34-1D70F09B689D}.Debug|Any CPU.Build.0 = Debug|Any CPU
		{519051A7-09D4-455D-9F34-1D70F09B689D}.Release|Any CPU.ActiveCfg = Release|Any CPU
		{519051A7-09D4-455D-9F34-1D70F09B689D}.Release|Any CPU.Build.0 = Release|Any CPU
		{C13C04F0-152D-4D9A-AC64-D36FFD2A3443}.Debug|Any CPU.ActiveCfg = Debug|Any CPU
		{C13C04F0-152D-4D9A-AC64-D36FFD2A3443}.Debug|Any CPU.Build.0 = Debug|Any CPU
		{C13C04F0-152D-4D9A-AC64-D36FFD2A3443}.Release|Any CPU.ActiveCfg = Release|Any CPU
		{C13C04F0-152D-4D9A-AC64-D36FFD2A3443}.Release|Any CPU.Build.0 = Release|Any CPU
		{F785B094-DE2F-49AD-8DFB-31505C396D06}.Debug|Any CPU.ActiveCfg = Debug|Any CPU
		{F785B094-DE2F-49AD-8DFB-31505C396D06}.Debug|Any CPU.Build.0 = Debug|Any CPU
		{F785B094-DE2F-49AD-8DFB-31505C396D06}.Release|Any CPU.ActiveCfg = Release|Any CPU
		{F785B094-DE2F-49AD-8DFB-31505C396D06}.Release|Any CPU.Build.0 = Release|Any CPU
	EndGlobalSection
	GlobalSection(SolutionProperties) = preSolution
		HideSolutionNode = FALSE
	EndGlobalSection
	GlobalSection(NestedProjects) = preSolution
		{31C0C0F1-E782-425C-B432-B0ED09503609} = {02EA681E-C7D8-13C7-8484-4AC65E1B71E8}
		{97C674A3-776A-4291-9618-FA91E3EFE348} = {02EA681E-C7D8-13C7-8484-4AC65E1B71E8}
		{7472AD30-FA11-42E3-8E56-42DA30150779} = {02EA681E-C7D8-13C7-8484-4AC65E1B71E8}
		{519051A7-09D4-455D-9F34-1D70F09B689D} = {4EA72DF7-0A68-4D7A-A3D8-9ED87ADDE908}
		{C13C04F0-152D-4D9A-AC64-D36FFD2A3443} = {4EA72DF7-0A68-4D7A-A3D8-9ED87ADDE908}
		{F785B094-DE2F-49AD-8DFB-31505C396D06} = {4EA72DF7-0A68-4D7A-A3D8-9ED87ADDE908}
	EndGlobalSection
	GlobalSection(ExtensibilityGlobals) = postSolution
		SolutionGuid = {0EBC4C21-ABDD-4104-B5B6-3EB1A9DF054B}
	EndGlobalSection
EndGlobal
